
Microsoft Visual Studio Solution File, Format Version 12.00
# Visual Studio Version 17
VisualStudioVersion = 17.10.34825.169
MinimumVisualStudioVersion = 10.0.40219.1
Project("{9A19103F-16F7-4668-BE54-9A1E7A4F7556}") = "LethalPerformance", "LethalPerformance\LethalPerformance.csproj", "{506DCC1F-4E15-4CAC-93FA-47F1FCFA6E68}"
EndProject
Project("{FAE04EC0-301F-11D3-BF4B-00C04F79EFBC}") = "LethalPerformance.Unity", "Unity\LethalPerformance.Unity.csproj", "{B648CB5C-0EE2-EF29-F17A-55D4A2CA7438}"
EndProject
Global
	GlobalSection(SolutionConfigurationPlatforms) = preSolution
		Debug|Any CPU = Debug|Any CPU
		Release|Any CPU = Release|Any CPU
	EndGlobalSection
	GlobalSection(ProjectConfigurationPlatforms) = postSolution
		{506DCC1F-4E15-4CAC-93FA-47F1FCFA6E68}.Debug|Any CPU.ActiveCfg = Debug|Any CPU
		{506DCC1F-4E15-4CAC-93FA-47F1FCFA6E68}.Debug|Any CPU.Build.0 = Debug|Any CPU
		{506DCC1F-4E15-4CAC-93FA-47F1FCFA6E68}.Release|Any CPU.ActiveCfg = Release|Any CPU
		{506DCC1F-4E15-4CAC-93FA-47F1FCFA6E68}.Release|Any CPU.Build.0 = Release|Any CPU
		{B648CB5C-0EE2-EF29-F17A-55D4A2CA7438}.Debug|Any CPU.ActiveCfg = Debug|Any CPU
		{B648CB5C-0EE2-EF29-F17A-55D4A2CA7438}.Debug|Any CPU.Build.0 = Debug|Any CPU
		{B648CB5C-0EE2-EF29-F17A-55D4A2CA7438}.Release|Any CPU.ActiveCfg = Release|Any CPU
	EndGlobalSection
	GlobalSection(SolutionProperties) = preSolution
		HideSolutionNode = FALSE
	EndGlobalSection
	GlobalSection(ExtensibilityGlobals) = postSolution
		SolutionGuid = {D9F80CCF-8EF2-4D3A-9072-33899BD1997C}
	EndGlobalSection
EndGlobal
